// !$*UTF8*$!
{
	archiveVersion = 1;
	classes = {
	};
	objectVersion = 48;
	objects = {

/* Begin PBXBuildFile section */
		5526D9E920945B8600D0934E /* examinations.cpp in Sources */ = {isa = PBXBuildFile; fileRef = 5526D9E720945B8600D0934E /* examinations.cpp */; };
		5526D9F12094639D00D0934E /* DataStructureTests.m in Sources */ = {isa = PBXBuildFile; fileRef = 5526D9F02094639D00D0934E /* DataStructureTests.m */; };
		AE0FFD8D208B5D2B006CDB0D /* SingleLinkedList.m in Sources */ = {isa = PBXBuildFile; fileRef = AE0FFD8C208B5D2B006CDB0D /* SingleLinkedList.m */; };
		AE0FFD90208B6A86006CDB0D /* SingleLinkedNode.m in Sources */ = {isa = PBXBuildFile; fileRef = AE0FFD8F208B6A86006CDB0D /* SingleLinkedNode.m */; };
		AE38410C209211CB005829D3 /* AVL_Tree.m in Sources */ = {isa = PBXBuildFile; fileRef = AE38410B209211CB005829D3 /* AVL_Tree.m */; };
		AE38410F209211EB005829D3 /* AVLNode.m in Sources */ = {isa = PBXBuildFile; fileRef = AE38410E209211EB005829D3 /* AVLNode.m */; };
		AE4E7207208C359A00D9552C /* LinkedMap.m in Sources */ = {isa = PBXBuildFile; fileRef = AE4E7206208C359A00D9552C /* LinkedMap.m */; };
		AE4E720A208C35A400D9552C /* MapNode.m in Sources */ = {isa = PBXBuildFile; fileRef = AE4E7209208C35A400D9552C /* MapNode.m */; };
		AE4E720E208C8EF800D9552C /* Tree.m in Sources */ = {isa = PBXBuildFile; fileRef = AE4E720D208C8EF800D9552C /* Tree.m */; };
		AE4E7210208C8FC600D9552C /* Tree in Resources */ = {isa = PBXBuildFile; fileRef = AE4E720F208C8FC600D9552C /* Tree */; };
		AE66BFA92078939200C4459A /* AppDelegate.m in Sources */ = {isa = PBXBuildFile; fileRef = AE66BFA82078939200C4459A /* AppDelegate.m */; };
		AE66BFAC2078939200C4459A /* ViewController.mm in Sources */ = {isa = PBXBuildFile; fileRef = AE66BFAB2078939200C4459A /* ViewController.mm */; };
		AE66BFAF2078939200C4459A /* Main.storyboard in Resources */ = {isa = PBXBuildFile; fileRef = AE66BFAD2078939200C4459A /* Main.storyboard */; };
		AE66BFB12078939200C4459A /* Assets.xcassets in Resources */ = {isa = PBXBuildFile; fileRef = AE66BFB02078939200C4459A /* Assets.xcassets */; };
		AE66BFB42078939200C4459A /* LaunchScreen.storyboard in Resources */ = {isa = PBXBuildFile; fileRef = AE66BFB22078939200C4459A /* LaunchScreen.storyboard */; };
		AE66BFB72078939300C4459A /* main.m in Sources */ = {isa = PBXBuildFile; fileRef = AE66BFB62078939300C4459A /* main.m */; };
		AE66BFBF2078977800C4459A /* OBJECT.m in Sources */ = {isa = PBXBuildFile; fileRef = AE66BFBE2078977800C4459A /* OBJECT.m */; };
/* End PBXBuildFile section */

/* Begin PBXContainerItemProxy section */
		5526D9F32094639D00D0934E /* PBXContainerItemProxy */ = {
			isa = PBXContainerItemProxy;
			containerPortal = AE66BF9C2078939200C4459A /* Project object */;
			proxyType = 1;
			remoteGlobalIDString = AE66BFA32078939200C4459A;
			remoteInfo = DataStructure;
		};
/* End PBXContainerItemProxy section */

/* Begin PBXFileReference section */
		5526D9E720945B8600D0934E /* examinations.cpp */ = {isa = PBXFileReference; lastKnownFileType = sourcecode.cpp.cpp; path = examinations.cpp; sourceTree = "<group>"; };
		5526D9E820945B8600D0934E /* examinations.hpp */ = {isa = PBXFileReference; lastKnownFileType = sourcecode.cpp.h; path = examinations.hpp; sourceTree = "<group>"; };
		5526D9EE2094639D00D0934E /* DataStructureTests.xctest */ = {isa = PBXFileReference; explicitFileType = wrapper.cfbundle; includeInIndex = 0; path = DataStructureTests.xctest; sourceTree = BUILT_PRODUCTS_DIR; };
		5526D9F02094639D00D0934E /* DataStructureTests.m */ = {isa = PBXFileReference; lastKnownFileType = sourcecode.c.objc; path = DataStructureTests.m; sourceTree = "<group>"; };
		5526D9F22094639D00D0934E /* Info.plist */ = {isa = PBXFileReference; lastKnownFileType = text.plist.xml; path = Info.plist; sourceTree = "<group>"; };
		AE0FFD8B208B5D2B006CDB0D /* SingleLinkedList.h */ = {isa = PBXFileReference; lastKnownFileType = sourcecode.c.h; path = SingleLinkedList.h; sourceTree = "<group>"; };
		AE0FFD8C208B5D2B006CDB0D /* SingleLinkedList.m */ = {isa = PBXFileReference; lastKnownFileType = sourcecode.c.objc; path = SingleLinkedList.m; sourceTree = "<group>"; };
		AE0FFD8E208B6A86006CDB0D /* SingleLinkedNode.h */ = {isa = PBXFileReference; lastKnownFileType = sourcecode.c.h; path = SingleLinkedNode.h; sourceTree = "<group>"; };
		AE0FFD8F208B6A86006CDB0D /* SingleLinkedNode.m */ = {isa = PBXFileReference; lastKnownFileType = sourcecode.c.objc; path = SingleLinkedNode.m; sourceTree = "<group>"; };
		AE38410A209211CB005829D3 /* AVL_Tree.h */ = {isa = PBXFileReference; lastKnownFileType = sourcecode.c.h; path = AVL_Tree.h; sourceTree = "<group>"; };
		AE38410B209211CB005829D3 /* AVL_Tree.m */ = {isa = PBXFileReference; lastKnownFileType = sourcecode.c.objc; path = AVL_Tree.m; sourceTree = "<group>"; };
		AE38410D209211EB005829D3 /* AVLNode.h */ = {isa = PBXFileReference; lastKnownFileType = sourcecode.c.h; path = AVLNode.h; sourceTree = "<group>"; };
		AE38410E209211EB005829D3 /* AVLNode.m */ = {isa = PBXFileReference; lastKnownFileType = sourcecode.c.objc; path = AVLNode.m; sourceTree = "<group>"; };
		AE4E7205208C359A00D9552C /* LinkedMap.h */ = {isa = PBXFileReference; lastKnownFileType = sourcecode.c.h; path = LinkedMap.h; sourceTree = "<group>"; };
		AE4E7206208C359A00D9552C /* LinkedMap.m */ = {isa = PBXFileReference; lastKnownFileType = sourcecode.c.objc; path = LinkedMap.m; sourceTree = "<group>"; };
		AE4E7208208C35A400D9552C /* MapNode.h */ = {isa = PBXFileReference; lastKnownFileType = sourcecode.c.h; path = MapNode.h; sourceTree = "<group>"; };
		AE4E7209208C35A400D9552C /* MapNode.m */ = {isa = PBXFileReference; lastKnownFileType = sourcecode.c.objc; path = MapNode.m; sourceTree = "<group>"; };
		AE4E720C208C8EF800D9552C /* Tree.h */ = {isa = PBXFileReference; lastKnownFileType = sourcecode.c.h; path = Tree.h; sourceTree = "<group>"; };
		AE4E720D208C8EF800D9552C /* Tree.m */ = {isa = PBXFileReference; lastKnownFileType = sourcecode.c.objc; path = Tree.m; sourceTree = "<group>"; };
		AE4E720F208C8FC600D9552C /* Tree */ = {isa = PBXFileReference; lastKnownFileType = file; path = Tree; sourceTree = "<group>"; };
		AE66BFA42078939200C4459A /* DataStructure.app */ = {isa = PBXFileReference; explicitFileType = wrapper.application; includeInIndex = 0; path = DataStructure.app; sourceTree = BUILT_PRODUCTS_DIR; };
		AE66BFA72078939200C4459A /* AppDelegate.h */ = {isa = PBXFileReference; lastKnownFileType = sourcecode.c.h; path = AppDelegate.h; sourceTree = "<group>"; };
		AE66BFA82078939200C4459A /* AppDelegate.m */ = {isa = PBXFileReference; lastKnownFileType = sourcecode.c.objc; path = AppDelegate.m; sourceTree = "<group>"; };
		AE66BFAA2078939200C4459A /* ViewController.h */ = {isa = PBXFileReference; lastKnownFileType = sourcecode.c.h; path = ViewController.h; sourceTree = "<group>"; };
		AE66BFAB2078939200C4459A /* ViewController.mm */ = {isa = PBXFileReference; lastKnownFileType = sourcecode.cpp.objcpp; path = ViewController.mm; sourceTree = "<group>"; };
		AE66BFAE2078939200C4459A /* Base */ = {isa = PBXFileReference; lastKnownFileType = file.storyboard; name = Base; path = Base.lproj/Main.storyboard; sourceTree = "<group>"; };
		AE66BFB02078939200C4459A /* Assets.xcassets */ = {isa = PBXFileReference; lastKnownFileType = folder.assetcatalog; path = Assets.xcassets; sourceTree = "<group>"; };
		AE66BFB32078939200C4459A /* Base */ = {isa = PBXFileReference; lastKnownFileType = file.storyboard; name = Base; path = Base.lproj/LaunchScreen.storyboard; sourceTree = "<group>"; };
		AE66BFB52078939200C4459A /* Info.plist */ = {isa = PBXFileReference; lastKnownFileType = text.plist.xml; path = Info.plist; sourceTree = "<group>"; };
		AE66BFB62078939300C4459A /* main.m */ = {isa = PBXFileReference; lastKnownFileType = sourcecode.c.objc; path = main.m; sourceTree = "<group>"; };
		AE66BFBD2078977800C4459A /* OBJECT.h */ = {isa = PBXFileReference; lastKnownFileType = sourcecode.c.h; path = OBJECT.h; sourceTree = "<group>"; };
		AE66BFBE2078977800C4459A /* OBJECT.m */ = {isa = PBXFileReference; lastKnownFileType = sourcecode.c.objc; path = OBJECT.m; sourceTree = "<group>"; };
/* End PBXFileReference section */

/* Begin PBXFrameworksBuildPhase section */
		5526D9EB2094639D00D0934E /* Frameworks */ = {
			isa = PBXFrameworksBuildPhase;
			buildActionMask = 2147483647;
			files = (
			);
			runOnlyForDeploymentPostprocessing = 0;
		};
		AE66BFA12078939200C4459A /* Frameworks */ = {
			isa = PBXFrameworksBuildPhase;
			buildActionMask = 2147483647;
			files = (
			);
			runOnlyForDeploymentPostprocessing = 0;
		};
/* End PBXFrameworksBuildPhase section */

/* Begin PBXGroup section */
		5500C30F2094257F00688831 /* Examination */ = {
			isa = PBXGroup;
			children = (
				5526D9E820945B8600D0934E /* examinations.hpp */,
				5526D9E720945B8600D0934E /* examinations.cpp */,
			);
			path = Examination;
			sourceTree = "<group>";
		};
		5526D9EF2094639D00D0934E /* DataStructureTests */ = {
			isa = PBXGroup;
			children = (
				5526D9F02094639D00D0934E /* DataStructureTests.m */,
				5526D9F22094639D00D0934E /* Info.plist */,
			);
			path = DataStructureTests;
			sourceTree = "<group>";
		};
		AE0FFD89208B5CD3006CDB0D /* 单向链表 */ = {
			isa = PBXGroup;
			children = (
				AE0FFD8E208B6A86006CDB0D /* SingleLinkedNode.h */,
				AE0FFD8F208B6A86006CDB0D /* SingleLinkedNode.m */,
				AE0FFD8B208B5D2B006CDB0D /* SingleLinkedList.h */,
				AE0FFD8C208B5D2B006CDB0D /* SingleLinkedList.m */,
			);
			path = "单向链表";
			sourceTree = "<group>";
		};
		AE0FFD91208B8DF1006CDB0D /* 双向链表 */ = {
			isa = PBXGroup;
			children = (
				AE4E7208208C35A400D9552C /* MapNode.h */,
				AE4E7209208C35A400D9552C /* MapNode.m */,
				AE4E7205208C359A00D9552C /* LinkedMap.h */,
				AE4E7206208C359A00D9552C /* LinkedMap.m */,
			);
			path = "双向链表";
			sourceTree = "<group>";
		};
		AE4E720B208C8EDF00D9552C /* 二叉树 */ = {
			isa = PBXGroup;
			children = (
				AE4E720F208C8FC600D9552C /* Tree */,
				AE4E720C208C8EF800D9552C /* Tree.h */,
				AE4E720D208C8EF800D9552C /* Tree.m */,
				AE38410D209211EB005829D3 /* AVLNode.h */,
				AE38410E209211EB005829D3 /* AVLNode.m */,
				AE38410A209211CB005829D3 /* AVL_Tree.h */,
				AE38410B209211CB005829D3 /* AVL_Tree.m */,
			);
			path = "二叉树";
			sourceTree = "<group>";
		};
		AE66BF9B2078939200C4459A = {
			isa = PBXGroup;
			children = (
				AE66BFA62078939200C4459A /* DataStructure */,
				5526D9EF2094639D00D0934E /* DataStructureTests */,
				AE66BFA52078939200C4459A /* Products */,
			);
			sourceTree = "<group>";
		};
		AE66BFA52078939200C4459A /* Products */ = {
			isa = PBXGroup;
			children = (
				AE66BFA42078939200C4459A /* DataStructure.app */,
				5526D9EE2094639D00D0934E /* DataStructureTests.xctest */,
			);
			name = Products;
			sourceTree = "<group>";
		};
		AE66BFA62078939200C4459A /* DataStructure */ = {
			isa = PBXGroup;
			children = (
				5500C30F2094257F00688831 /* Examination */,
				AE0FFD91208B8DF1006CDB0D /* 双向链表 */,
				AE0FFD89208B5CD3006CDB0D /* 单向链表 */,
				AE4E720B208C8EDF00D9552C /* 二叉树 */,
				AE66BFA72078939200C4459A /* AppDelegate.h */,
				AE66BFA82078939200C4459A /* AppDelegate.m */,
				AE66BFBD2078977800C4459A /* OBJECT.h */,
				AE66BFBE2078977800C4459A /* OBJECT.m */,
				AE66BFAA2078939200C4459A /* ViewController.h */,
				AE66BFAB2078939200C4459A /* ViewController.mm */,
				AE66BFAD2078939200C4459A /* Main.storyboard */,
				AE66BFB02078939200C4459A /* Assets.xcassets */,
				AE66BFB22078939200C4459A /* LaunchScreen.storyboard */,
				AE66BFB52078939200C4459A /* Info.plist */,
				AE66BFB62078939300C4459A /* main.m */,
			);
			path = DataStructure;
			sourceTree = "<group>";
		};
/* End PBXGroup section */

/* Begin PBXNativeTarget section */
		5526D9ED2094639D00D0934E /* DataStructureTests */ = {
			isa = PBXNativeTarget;
			buildConfigurationList = 5526D9F52094639D00D0934E /* Build configuration list for PBXNativeTarget "DataStructureTests" */;
			buildPhases = (
				5526D9EA2094639D00D0934E /* Sources */,
				5526D9EB2094639D00D0934E /* Frameworks */,
				5526D9EC2094639D00D0934E /* Resources */,
			);
			buildRules = (
			);
			dependencies = (
				5526D9F42094639D00D0934E /* PBXTargetDependency */,
			);
			name = DataStructureTests;
			productName = DataStructureTests;
			productReference = 5526D9EE2094639D00D0934E /* DataStructureTests.xctest */;
			productType = "com.apple.product-type.bundle.unit-test";
		};
		AE66BFA32078939200C4459A /* DataStructure */ = {
			isa = PBXNativeTarget;
			buildConfigurationList = AE66BFBA2078939300C4459A /* Build configuration list for PBXNativeTarget "DataStructure" */;
			buildPhases = (
				AE66BFA02078939200C4459A /* Sources */,
				AE66BFA12078939200C4459A /* Frameworks */,
				AE66BFA22078939200C4459A /* Resources */,
			);
			buildRules = (
			);
			dependencies = (
			);
			name = DataStructure;
			productName = DataStructure;
			productReference = AE66BFA42078939200C4459A /* DataStructure.app */;
			productType = "com.apple.product-type.application";
		};
/* End PBXNativeTarget section */

/* Begin PBXProject section */
		AE66BF9C2078939200C4459A /* Project object */ = {
			isa = PBXProject;
			attributes = {
				LastUpgradeCheck = 0920;
				ORGANIZATIONNAME = "朱来飞";
				TargetAttributes = {
					5526D9ED2094639D00D0934E = {
						CreatedOnToolsVersion = 9.2;
						ProvisioningStyle = Automatic;
						TestTargetID = AE66BFA32078939200C4459A;
					};
					AE66BFA32078939200C4459A = {
						CreatedOnToolsVersion = 9.2;
						ProvisioningStyle = Automatic;
					};
				};
			};
			buildConfigurationList = AE66BF9F2078939200C4459A /* Build configuration list for PBXProject "DataStructure" */;
			compatibilityVersion = "Xcode 8.0";
			developmentRegion = en;
			hasScannedForEncodings = 0;
			knownRegions = (
				en,
				Base,
			);
			mainGroup = AE66BF9B2078939200C4459A;
			productRefGroup = AE66BFA52078939200C4459A /* Products */;
			projectDirPath = "";
			projectRoot = "";
			targets = (
				AE66BFA32078939200C4459A /* DataStructure */,
				5526D9ED2094639D00D0934E /* DataStructureTests */,
			);
		};
/* End PBXProject section */

/* Begin PBXResourcesBuildPhase section */
		5526D9EC2094639D00D0934E /* Resources */ = {
			isa = PBXResourcesBuildPhase;
			buildActionMask = 2147483647;
			files = (
			);
			runOnlyForDeploymentPostprocessing = 0;
		};
		AE66BFA22078939200C4459A /* Resources */ = {
			isa = PBXResourcesBuildPhase;
			buildActionMask = 2147483647;
			files = (
				AE4E7210208C8FC600D9552C /* Tree in Resources */,
				AE66BFB42078939200C4459A /* LaunchScreen.storyboard in Resources */,
				AE66BFB12078939200C4459A /* Assets.xcassets in Resources */,
				AE66BFAF2078939200C4459A /* Main.storyboard in Resources */,
			);
			runOnlyForDeploymentPostprocessing = 0;
		};
/* End PBXResourcesBuildPhase section */

/* Begin PBXSourcesBuildPhase section */
		5526D9EA2094639D00D0934E /* Sources */ = {
			isa = PBXSourcesBuildPhase;
			buildActionMask = 2147483647;
			files = (
				5526D9F12094639D00D0934E /* DataStructureTests.m in Sources */,
			);
			runOnlyForDeploymentPostprocessing = 0;
		};
		AE66BFA02078939200C4459A /* Sources */ = {
			isa = PBXSourcesBuildPhase;
			buildActionMask = 2147483647;
			files = (
				AE66BFAC2078939200C4459A /* ViewController.mm in Sources */,
				AE38410C209211CB005829D3 /* AVL_Tree.m in Sources */,
				AE66BFB72078939300C4459A /* main.m in Sources */,
				AE4E7207208C359A00D9552C /* LinkedMap.m in Sources */,
				AE0FFD90208B6A86006CDB0D /* SingleLinkedNode.m in Sources */,
				AE4E720E208C8EF800D9552C /* Tree.m in Sources */,
				AE66BFBF2078977800C4459A /* OBJECT.m in Sources */,
				AE0FFD8D208B5D2B006CDB0D /* SingleLinkedList.m in Sources */,
				5526D9E920945B8600D0934E /* examinations.cpp in Sources */,
				AE38410F209211EB005829D3 /* AVLNode.m in Sources */,
				AE4E720A208C35A400D9552C /* MapNode.m in Sources */,
				AE66BFA92078939200C4459A /* AppDelegate.m in Sources */,
			);
			runOnlyForDeploymentPostprocessing = 0;
		};
/* End PBXSourcesBuildPhase section */

/* Begin PBXTargetDependency section */
		5526D9F42094639D00D0934E /* PBXTargetDependency */ = {
			isa = PBXTargetDependency;
			target = AE66BFA32078939200C4459A /* DataStructure */;
			targetProxy = 5526D9F32094639D00D0934E /* PBXContainerItemProxy */;
		};
/* End PBXTargetDependency section */

/* Begin PBXVariantGroup section */
		AE66BFAD2078939200C4459A /* Main.storyboard */ = {
			isa = PBXVariantGroup;
			children = (
				AE66BFAE2078939200C4459A /* Base */,
			);
			name = Main.storyboard;
			sourceTree = "<group>";
		};
		AE66BFB22078939200C4459A /* LaunchScreen.storyboard */ = {
			isa = PBXVariantGroup;
			children = (
				AE66BFB32078939200C4459A /* Base */,
			);
			name = LaunchScreen.storyboard;
			sourceTree = "<group>";
		};
/* End PBXVariantGroup section */

/* Begin XCBuildConfiguration section */
		5526D9F62094639D00D0934E /* Debug */ = {
			isa = XCBuildConfiguration;
			buildSettings = {
				BUNDLE_LOADER = "$(TEST_HOST)";
				CODE_SIGN_STYLE = Automatic;
				INFOPLIST_FILE = DataStructureTests/Info.plist;
				LD_RUNPATH_SEARCH_PATHS = "$(inherited) @executable_path/Frameworks @loader_path/Frameworks";
				PRODUCT_BUNDLE_IDENTIFIER = DataStructure.DataStructureTests;
				PRODUCT_NAME = "$(TARGET_NAME)";
				TARGETED_DEVICE_FAMILY = "1,2";
				TEST_HOST = "$(BUILT_PRODUCTS_DIR)/DataStructure.app/DataStructure";
			};
			name = Debug;
		};
		5526D9F72094639D00D0934E /* Release */ = {
			isa = XCBuildConfiguration;
			buildSettings = {
				BUNDLE_LOADER = "$(TEST_HOST)";
				CODE_SIGN_STYLE = Automatic;
				INFOPLIST_FILE = DataStructureTests/Info.plist;
				LD_RUNPATH_SEARCH_PATHS = "$(inherited) @executable_path/Frameworks @loader_path/Frameworks";
				PRODUCT_BUNDLE_IDENTIFIER = DataStructure.DataStructureTests;
				PRODUCT_NAME = "$(TARGET_NAME)";
				TARGETED_DEVICE_FAMILY = "1,2";
				TEST_HOST = "$(BUILT_PRODUCTS_DIR)/DataStructure.app/DataStructure";
			};
			name = Release;
		};
		AE66BFB82078939300C4459A /* Debug */ = {
			isa = XCBuildConfiguration;
			buildSettings = {
				ALWAYS_SEARCH_USER_PATHS = NO;
				CLANG_ANALYZER_NONNULL = YES;
				CLANG_ANALYZER_NUMBER_OBJECT_CONVERSION = YES_AGGRESSIVE;
				CLANG_CXX_LANGUAGE_STANDARD = "gnu++14";
				CLANG_CXX_LIBRARY = "libc++";
				CLANG_ENABLE_MODULES = YES;
				CLANG_ENABLE_OBJC_ARC = YES;
				CLANG_WARN_BLOCK_CAPTURE_AUTORELEASING = YES;
				CLANG_WARN_BOOL_CONVERSION = YES;
				CLANG_WARN_COMMA = YES;
				CLANG_WARN_CONSTANT_CONVERSION = YES;
				CLANG_WARN_DIRECT_OBJC_ISA_USAGE = YES_ERROR;
				CLANG_WARN_DOCUMENTATION_COMMENTS = YES;
				CLANG_WARN_EMPTY_BODY = YES;
				CLANG_WARN_ENUM_CONVERSION = YES;
				CLANG_WARN_INFINITE_RECURSION = YES;
				CLANG_WARN_INT_CONVERSION = YES;
				CLANG_WARN_NON_LITERAL_NULL_CONVERSION = YES;
				CLANG_WARN_OBJC_LITERAL_CONVERSION = YES;
				CLANG_WARN_OBJC_ROOT_CLASS = YES_ERROR;
				CLANG_WARN_RANGE_LOOP_ANALYSIS = YES;
				CLANG_WARN_STRICT_PROTOTYPES = YES;
				CLANG_WARN_SUSPICIOUS_MOVE = YES;
				CLANG_WARN_UNGUARDED_AVAILABILITY = YES_AGGRESSIVE;
				CLANG_WARN_UNREACHABLE_CODE = YES;
				CLANG_WARN__DUPLICATE_METHOD_MATCH = YES;
				CODE_SIGN_IDENTITY = "iPhone Developer";
				COPY_PHASE_STRIP = NO;
				DEBUG_INFORMATION_FORMAT = dwarf;
				ENABLE_STRICT_OBJC_MSGSEND = YES;
				ENABLE_TESTABILITY = YES;
				GCC_C_LANGUAGE_STANDARD = gnu11;
				GCC_DYNAMIC_NO_PIC = NO;
				GCC_INPUT_FILETYPE = sourcecode.cpp.objcpp;
				GCC_NO_COMMON_BLOCKS = YES;
				GCC_OPTIMIZATION_LEVEL = 0;
				GCC_PREPROCESSOR_DEFINITIONS = (
					"DEBUG=1",
					"$(inherited)",
				);
				GCC_WARN_64_TO_32_BIT_CONVERSION = YES;
				GCC_WARN_ABOUT_RETURN_TYPE = YES_ERROR;
				GCC_WARN_UNDECLARED_SELECTOR = YES;
				GCC_WARN_UNINITIALIZED_AUTOS = YES_AGGRESSIVE;
				GCC_WARN_UNUSED_FUNCTION = YES;
				GCC_WARN_UNUSED_VARIABLE = YES;
				IPHONEOS_DEPLOYMENT_TARGET = 11.2;
				MTL_ENABLE_DEBUG_INFO = YES;
				ONLY_ACTIVE_ARCH = YES;
				SDKROOT = iphoneos;
			};
			name = Debug;
		};
		AE66BFB92078939300C4459A /* Release */ = {
			isa = XCBuildConfiguration;
			buildSettings = {
				ALWAYS_SEARCH_USER_PATHS = NO;
				CLANG_ANALYZER_NONNULL = YES;
				CLANG_ANALYZER_NUMBER_OBJECT_CONVERSION = YES_AGGRESSIVE;
				CLANG_CXX_LANGUAGE_STANDARD = "gnu++14";
				CLANG_CXX_LIBRARY = "libc++";
				CLANG_ENABLE_MODULES = YES;
				CLANG_ENABLE_OBJC_ARC = YES;
				CLANG_WARN_BLOCK_CAPTURE_AUTORELEASING = YES;
				CLANG_WARN_BOOL_CONVERSION = YES;
				CLANG_WARN_COMMA = YES;
				CLANG_WARN_CONSTANT_CONVERSION = YES;
				CLANG_WARN_DIRECT_OBJC_ISA_USAGE = YES_ERROR;
				CLANG_WARN_DOCUMENTATION_COMMENTS = YES;
				CLANG_WARN_EMPTY_BODY = YES;
				CLANG_WARN_ENUM_CONVERSION = YES;
				CLANG_WARN_INFINITE_RECURSION = YES;
				CLANG_WARN_INT_CONVERSION = YES;
				CLANG_WARN_NON_LITERAL_NULL_CONVERSION = YES;
				CLANG_WARN_OBJC_LITERAL_CONVERSION = YES;
				CLANG_WARN_OBJC_ROOT_CLASS = YES_ERROR;
				CLANG_WARN_RANGE_LOOP_ANALYSIS = YES;
				CLANG_WARN_STRICT_PROTOTYPES = YES;
				CLANG_WARN_SUSPICIOUS_MOVE = YES;
				CLANG_WARN_UNGUARDED_AVAILABILITY = YES_AGGRESSIVE;
				CLANG_WARN_UNREACHABLE_CODE = YES;
				CLANG_WARN__DUPLICATE_METHOD_MATCH = YES;
				CODE_SIGN_IDENTITY = "iPhone Developer";
				COPY_PHASE_STRIP = NO;
				DEBUG_INFORMATION_FORMAT = "dwarf-with-dsym";
				ENABLE_NS_ASSERTIONS = NO;
				ENABLE_STRICT_OBJC_MSGSEND = YES;
				GCC_C_LANGUAGE_STANDARD = gnu11;
				GCC_INPUT_FILETYPE = sourcecode.cpp.objcpp;
				GCC_NO_COMMON_BLOCKS = YES;
				GCC_WARN_64_TO_32_BIT_CONVERSION = YES;
				GCC_WARN_ABOUT_RETURN_TYPE = YES_ERROR;
				GCC_WARN_UNDECLARED_SELECTOR = YES;
				GCC_WARN_UNINITIALIZED_AUTOS = YES_AGGRESSIVE;
				GCC_WARN_UNUSED_FUNCTION = YES;
				GCC_WARN_UNUSED_VARIABLE = YES;
				IPHONEOS_DEPLOYMENT_TARGET = 11.2;
				MTL_ENABLE_DEBUG_INFO = NO;
				SDKROOT = iphoneos;
				VALIDATE_PRODUCT = YES;
			};
			name = Release;
		};
		AE66BFBB2078939300C4459A /* Debug */ = {
			isa = XCBuildConfiguration;
			buildSettings = {
				ASSETCATALOG_COMPILER_APPICON_NAME = AppIcon;
				CODE_SIGN_STYLE = Automatic;
				GCC_INPUT_FILETYPE = automatic;
				INFOPLIST_FILE = DataStructure/Info.plist;
				LD_RUNPATH_SEARCH_PATHS = "$(inherited) @executable_path/Frameworks";
				OTHER_CFLAGS = "";
				PRODUCT_BUNDLE_IDENTIFIER = DataStructure.DataStructure;
				PRODUCT_NAME = "$(TARGET_NAME)";
				TARGETED_DEVICE_FAMILY = "1,2";
			};
			name = Debug;
		};
		AE66BFBC2078939300C4459A /* Release */ = {
			isa = XCBuildConfiguration;
			buildSettings = {
				ASSETCATALOG_COMPILER_APPICON_NAME = AppIcon;
				CODE_SIGN_STYLE = Automatic;
				GCC_INPUT_FILETYPE = automatic;
				INFOPLIST_FILE = DataStructure/Info.plist;
				LD_RUNPATH_SEARCH_PATHS = "$(inherited) @executable_path/Frameworks";
				OTHER_CFLAGS = "";
				PRODUCT_BUNDLE_IDENTIFIER = DataStructure.DataStructure;
				PRODUCT_NAME = "$(TARGET_NAME)";
				TARGETED_DEVICE_FAMILY = "1,2";
			};
			name = Release;
		};
/* End XCBuildConfiguration section */

/* Begin XCConfigurationList section */
		5526D9F52094639D00D0934E /* Build configuration list for PBXNativeTarget "DataStructureTests" */ = {
			isa = XCConfigurationList;
			buildConfigurations = (
				5526D9F62094639D00D0934E /* Debug */,
				5526D9F72094639D00D0934E /* Release */,
			);
			defaultConfigurationIsVisible = 0;
			defaultConfigurationName = Release;
		};
		AE66BF9F2078939200C4459A /* Build configuration list for PBXProject "DataStructure" */ = {
			isa = XCConfigurationList;
			buildConfigurations = (
				AE66BFB82078939300C4459A /* Debug */,
				AE66BFB92078939300C4459A /* Release */,
			);
			defaultConfigurationIsVisible = 0;
			defaultConfigurationName = Release;
		};
		AE66BFBA2078939300C4459A /* Build configuration list for PBXNativeTarget "DataStructure" */ = {
			isa = XCConfigurationList;
			buildConfigurations = (
				AE66BFBB2078939300C4459A /* Debug */,
				AE66BFBC2078939300C4459A /* Release */,
			);
			defaultConfigurationIsVisible = 0;
			defaultConfigurationName = Release;
		};
/* End XCConfigurationList section */
	};
	rootObject = AE66BF9C2078939200C4459A /* Project object */;
}
